
Microsoft Visual Studio Solution File, Format Version 12.00
# Visual Studio Version 17
VisualStudioVersion = 17.0.31903.59
MinimumVisualStudioVersion = 10.0.40219.1
Project("{FAE04EC0-301F-11D3-BF4B-00C04F79EFBC}") = "2.2", "2.2\2.2.csproj", "{A3EB156A-903D-4D95-B954-5E3215C08B26}"
EndProject
Project("{FAE04EC0-301F-11D3-BF4B-00C04F79EFBC}") = "3.1", "3.1\3.1.csproj", "{98D2EF9B-A014-4466-A3CB-08602A0B5ACB}"
EndProject
Project("{FAE04EC0-301F-11D3-BF4B-00C04F79EFBC}") = "3.2", "3.2\3.2.csproj", "{05EF0370-1C93-4EA2-888D-6F7D1592218C}"
EndProject
Global
	GlobalSection(SolutionConfigurationPlatforms) = preSolution
		Debug|Any CPU = Debug|Any CPU
		Release|Any CPU = Release|Any CPU
	EndGlobalSection
	GlobalSection(SolutionProperties) = preSolution
		HideSolutionNode = FALSE
	EndGlobalSection
	GlobalSection(ProjectConfigurationPlatforms) = postSolution
		{A3EB156A-903D-4D95-B954-5E3215C08B26}.Debug|Any CPU.ActiveCfg = Debug|Any CPU
		{A3EB156A-903D-4D95-B954-5E3215C08B26}.Debug|Any CPU.Build.0 = Debug|Any CPU
		{A3EB156A-903D-4D95-B954-5E3215C08B26}.Release|Any CPU.ActiveCfg = Release|Any CPU
		{A3EB156A-903D-4D95-B954-5E3215C08B26}.Release|Any CPU.Build.0 = Release|Any CPU
		{98D2EF9B-A014-4466-A3CB-08602A0B5ACB}.Debug|Any CPU.ActiveCfg = Debug|Any CPU
		{98D2EF9B-A014-4466-A3CB-08602A0B5ACB}.Debug|Any CPU.Build.0 = Debug|Any CPU
		{98D2EF9B-A014-4466-A3CB-08602A0B5ACB}.Release|Any CPU.ActiveCfg = Release|Any CPU
		{98D2EF9B-A014-4466-A3CB-08602A0B5ACB}.Release|Any CPU.Build.0 = Release|Any CPU
		{05EF0370-1C93-4EA2-888D-6F7D1592218C}.Debug|Any CPU.ActiveCfg = Debug|Any CPU
		{05EF0370-1C93-4EA2-888D-6F7D1592218C}.Debug|Any CPU.Build.0 = Debug|Any CPU
		{05EF0370-1C93-4EA2-888D-6F7D1592218C}.Release|Any CPU.ActiveCfg = Release|Any CPU
		{05EF0370-1C93-4EA2-888D-6F7D1592218C}.Release|Any CPU.Build.0 = Release|Any CPU
	EndGlobalSection
EndGlobal
